
Microsoft Visual Studio Solution File, Format Version 12.00
# Visual Studio Express 2012 for Windows Desktop
Project("{8BC9CEB8-8B4A-11D0-8D11-00A0C91BC942}") = "zmqlogger", "zmqlogger\zmqlogger.vcxproj", "{828FAA7B-0E14-4C1C-A448-70CBC5755CD4}"
EndProject
Project("{8BC9CEB8-8B4A-11D0-8D11-00A0C91BC942}") = "zmqloggerclient", "zmqloggerclient\zmqloggerclient.vcxproj", "{18F3D2CD-A4BD-470C-B7F6-EB71487614F1}"
EndProject
Project("{8BC9CEB8-8B4A-11D0-8D11-00A0C91BC942}") = "cpp-optparse", "submodules-build\cpp-optparse.vcxproj", "{F6F565D7-E0F2-4FA8-B202-45C0B20BC992}"
EndProject
Project("{8BC9CEB8-8B4A-11D0-8D11-00A0C91BC942}") = "g2log", "submodules-build\g2log.vcxproj", "{71457139-3704-4CF0-B249-63EF3C0F2A70}"
EndProject
Global
	GlobalSection(SolutionConfigurationPlatforms) = preSolution
		Debug|x64 = Debug|x64
		Release|x64 = Release|x64
	EndGlobalSection
	GlobalSection(ProjectConfigurationPlatforms) = postSolution
		{828FAA7B-0E14-4C1C-A448-70CBC5755CD4}.Debug|x64.ActiveCfg = Debug|x64
		{828FAA7B-0E14-4C1C-A448-70CBC5755CD4}.Debug|x64.Build.0 = Debug|x64
		{828FAA7B-0E14-4C1C-A448-70CBC5755CD4}.Debug|x64.Deploy.0 = Debug|x64
		{828FAA7B-0E14-4C1C-A448-70CBC5755CD4}.Release|x64.ActiveCfg = Release|x64
		{828FAA7B-0E14-4C1C-A448-70CBC5755CD4}.Release|x64.Build.0 = Release|x64
		{18F3D2CD-A4BD-470C-B7F6-EB71487614F1}.Debug|x64.ActiveCfg = Debug|x64
		{18F3D2CD-A4BD-470C-B7F6-EB71487614F1}.Debug|x64.Build.0 = Debug|x64
		{18F3D2CD-A4BD-470C-B7F6-EB71487614F1}.Debug|x64.Deploy.0 = Debug|x64
		{18F3D2CD-A4BD-470C-B7F6-EB71487614F1}.Release|x64.ActiveCfg = Release|Win32
		{F6F565D7-E0F2-4FA8-B202-45C0B20BC992}.Debug|x64.ActiveCfg = Debug|x64
		{F6F565D7-E0F2-4FA8-B202-45C0B20BC992}.Debug|x64.Build.0 = Debug|x64
		{F6F565D7-E0F2-4FA8-B202-45C0B20BC992}.Release|x64.ActiveCfg = Release|x64
		{F6F565D7-E0F2-4FA8-B202-45C0B20BC992}.Release|x64.Build.0 = Release|x64
		{71457139-3704-4CF0-B249-63EF3C0F2A70}.Debug|x64.ActiveCfg = Debug|x64
		{71457139-3704-4CF0-B249-63EF3C0F2A70}.Debug|x64.Build.0 = Debug|x64
		{71457139-3704-4CF0-B249-63EF3C0F2A70}.Release|x64.ActiveCfg = Release|x64
		{71457139-3704-4CF0-B249-63EF3C0F2A70}.Release|x64.Build.0 = Release|x64
	EndGlobalSection
	GlobalSection(SolutionProperties) = preSolution
		HideSolutionNode = FALSE
	EndGlobalSection
EndGlobal
